// !$*UTF8*$!
{
	archiveVersion = 1;
	classes = {
	};
	objectVersion = 51;
	objects = {

/* Begin PBXBuildFile section */
		3330E113248D862900DAD095 /* WebKit.framework in Frameworks */ = {isa = PBXBuildFile; fileRef = 339AF8D9248D827F004A8389 /* WebKit.framework */; };
		3330E115248E94B300DAD095 /* SearchCurrencyController.swift in Sources */ = {isa = PBXBuildFile; fileRef = 3330E114248E94B300DAD095 /* SearchCurrencyController.swift */; };
		3335D87A248C300C0015C492 /* AppDelegate.swift in Sources */ = {isa = PBXBuildFile; fileRef = 3335D879248C300C0015C492 /* AppDelegate.swift */; };
		3335D87C248C300C0015C492 /* SceneDelegate.swift in Sources */ = {isa = PBXBuildFile; fileRef = 3335D87B248C300C0015C492 /* SceneDelegate.swift */; };
		3335D87E248C300C0015C492 /* ViewController.swift in Sources */ = {isa = PBXBuildFile; fileRef = 3335D87D248C300C0015C492 /* ViewController.swift */; };
		3335D881248C300C0015C492 /* Main.storyboard in Resources */ = {isa = PBXBuildFile; fileRef = 3335D87F248C300C0015C492 /* Main.storyboard */; };
		3335D883248C30120015C492 /* Assets.xcassets in Resources */ = {isa = PBXBuildFile; fileRef = 3335D882248C30120015C492 /* Assets.xcassets */; };
		3335D886248C30120015C492 /* LaunchScreen.storyboard in Resources */ = {isa = PBXBuildFile; fileRef = 3335D884248C30120015C492 /* LaunchScreen.storyboard */; };
		3335D88E248C3D130015C492 /* CurrencyTableViewCell.swift in Sources */ = {isa = PBXBuildFile; fileRef = 3335D88D248C3D130015C492 /* CurrencyTableViewCell.swift */; };
		3335D890248C45780015C492 /* CurrencyTableViewController.swift in Sources */ = {isa = PBXBuildFile; fileRef = 3335D88F248C45780015C492 /* CurrencyTableViewController.swift */; };
		3335D892248C476F0015C492 /* Currency.swift in Sources */ = {isa = PBXBuildFile; fileRef = 3335D891248C476F0015C492 /* Currency.swift */; };
/* End PBXBuildFile section */

/* Begin PBXFileReference section */
		3330E114248E94B300DAD095 /* SearchCurrencyController.swift */ = {isa = PBXFileReference; lastKnownFileType = sourcecode.swift; path = SearchCurrencyController.swift; sourceTree = "<group>"; };
		3335D876248C300C0015C492 /* HSE_ExchangeApp_ios.app */ = {isa = PBXFileReference; explicitFileType = wrapper.application; includeInIndex = 0; path = HSE_ExchangeApp_ios.app; sourceTree = BUILT_PRODUCTS_DIR; };
		3335D879248C300C0015C492 /* AppDelegate.swift */ = {isa = PBXFileReference; lastKnownFileType = sourcecode.swift; path = AppDelegate.swift; sourceTree = "<group>"; };
		3335D87B248C300C0015C492 /* SceneDelegate.swift */ = {isa = PBXFileReference; lastKnownFileType = sourcecode.swift; path = SceneDelegate.swift; sourceTree = "<group>"; };
		3335D87D248C300C0015C492 /* ViewController.swift */ = {isa = PBXFileReference; lastKnownFileType = sourcecode.swift; path = ViewController.swift; sourceTree = "<group>"; };
		3335D880248C300C0015C492 /* Base */ = {isa = PBXFileReference; lastKnownFileType = file.storyboard; name = Base; path = Base.lproj/Main.storyboard; sourceTree = "<group>"; };
		3335D882248C30120015C492 /* Assets.xcassets */ = {isa = PBXFileReference; lastKnownFileType = folder.assetcatalog; path = Assets.xcassets; sourceTree = "<group>"; };
		3335D885248C30120015C492 /* Base */ = {isa = PBXFileReference; lastKnownFileType = file.storyboard; name = Base; path = Base.lproj/LaunchScreen.storyboard; sourceTree = "<group>"; };
		3335D887248C30120015C492 /* Info.plist */ = {isa = PBXFileReference; lastKnownFileType = text.plist.xml; path = Info.plist; sourceTree = "<group>"; };
		3335D88D248C3D130015C492 /* CurrencyTableViewCell.swift */ = {isa = PBXFileReference; lastKnownFileType = sourcecode.swift; path = CurrencyTableViewCell.swift; sourceTree = "<group>"; };
		3335D88F248C45780015C492 /* CurrencyTableViewController.swift */ = {isa = PBXFileReference; lastKnownFileType = sourcecode.swift; path = CurrencyTableViewController.swift; sourceTree = "<group>"; };
		3335D891248C476F0015C492 /* Currency.swift */ = {isa = PBXFileReference; lastKnownFileType = sourcecode.swift; path = Currency.swift; sourceTree = "<group>"; };
		339AF8D9248D827F004A8389 /* WebKit.framework */ = {isa = PBXFileReference; lastKnownFileType = wrapper.framework; name = WebKit.framework; path = System/Library/Frameworks/WebKit.framework; sourceTree = SDKROOT; };
/* End PBXFileReference section */

/* Begin PBXFrameworksBuildPhase section */
		3335D873248C300C0015C492 /* Frameworks */ = {
			isa = PBXFrameworksBuildPhase;
			buildActionMask = 2147483647;
			files = (
				3330E113248D862900DAD095 /* WebKit.framework in Frameworks */,
			);
			runOnlyForDeploymentPostprocessing = 0;
		};
/* End PBXFrameworksBuildPhase section */

/* Begin PBXGroup section */
		3335D86D248C300C0015C492 = {
			isa = PBXGroup;
			children = (
				3335D878248C300C0015C492 /* HSE_ExchangeApp_ios */,
				3335D877248C300C0015C492 /* Products */,
				339AF8D8248D827F004A8389 /* Frameworks */,
			);
			sourceTree = "<group>";
		};
		3335D877248C300C0015C492 /* Products */ = {
			isa = PBXGroup;
			children = (
				3335D876248C300C0015C492 /* HSE_ExchangeApp_ios.app */,
			);
			name = Products;
			sourceTree = "<group>";
		};
		3335D878248C300C0015C492 /* HSE_ExchangeApp_ios */ = {
			isa = PBXGroup;
			children = (
				3335D879248C300C0015C492 /* AppDelegate.swift */,
				3335D87B248C300C0015C492 /* SceneDelegate.swift */,
				3335D87D248C300C0015C492 /* ViewController.swift */,
				3335D87F248C300C0015C492 /* Main.storyboard */,
				3335D88F248C45780015C492 /* CurrencyTableViewController.swift */,
				3335D88D248C3D130015C492 /* CurrencyTableViewCell.swift */,
				3335D882248C30120015C492 /* Assets.xcassets */,
				3335D884248C30120015C492 /* LaunchScreen.storyboard */,
				3335D887248C30120015C492 /* Info.plist */,
				3335D891248C476F0015C492 /* Currency.swift */,
				3330E114248E94B300DAD095 /* SearchCurrencyController.swift */,
			);
			path = HSE_ExchangeApp_ios;
			sourceTree = "<group>";
		};
		339AF8D8248D827F004A8389 /* Frameworks */ = {
			isa = PBXGroup;
			children = (
				339AF8D9248D827F004A8389 /* WebKit.framework */,
			);
			name = Frameworks;
			sourceTree = "<group>";
		};
/* End PBXGroup section */

/* Begin PBXNativeTarget section */
		3335D875248C300C0015C492 /* HSE_ExchangeApp_ios */ = {
			isa = PBXNativeTarget;
			buildConfigurationList = 3335D88A248C30120015C492 /* Build configuration list for PBXNativeTarget "HSE_ExchangeApp_ios" */;
			buildPhases = (
				3335D872248C300C0015C492 /* Sources */,
				3335D873248C300C0015C492 /* Frameworks */,
				3335D874248C300C0015C492 /* Resources */,
			);
			buildRules = (
			);
			dependencies = (
			);
			name = HSE_ExchangeApp_ios;
			productName = HSE_ExchangeApp_ios;
			productReference = 3335D876248C300C0015C492 /* HSE_ExchangeApp_ios.app */;
			productType = "com.apple.product-type.application";
		};
/* End PBXNativeTarget section */

/* Begin PBXProject section */
		3335D86E248C300C0015C492 /* Project object */ = {
			isa = PBXProject;
			attributes = {
				LastSwiftUpdateCheck = 1150;
				LastUpgradeCheck = 1150;
				TargetAttributes = {
					3335D875248C300C0015C492 = {
						CreatedOnToolsVersion = 11.5;
					};
				};
			};
			buildConfigurationList = 3335D871248C300C0015C492 /* Build configuration list for PBXProject "HSE_ExchangeApp_ios" */;
			compatibilityVersion = "Xcode 10.0";
			developmentRegion = en;
			hasScannedForEncodings = 0;
			knownRegions = (
				en,
				Base,
			);
			mainGroup = 3335D86D248C300C0015C492;
			productRefGroup = 3335D877248C300C0015C492 /* Products */;
			projectDirPath = "";
			projectRoot = "";
			targets = (
				3335D875248C300C0015C492 /* HSE_ExchangeApp_ios */,
			);
		};
/* End PBXProject section */

/* Begin PBXResourcesBuildPhase section */
		3335D874248C300C0015C492 /* Resources */ = {
			isa = PBXResourcesBuildPhase;
			buildActionMask = 2147483647;
			files = (
				3335D886248C30120015C492 /* LaunchScreen.storyboard in Resources */,
				3335D883248C30120015C492 /* Assets.xcassets in Resources */,
				3335D881248C300C0015C492 /* Main.storyboard in Resources */,
			);
			runOnlyForDeploymentPostprocessing = 0;
		};
/* End PBXResourcesBuildPhase section */

/* Begin PBXSourcesBuildPhase section */
		3335D872248C300C0015C492 /* Sources */ = {
			isa = PBXSourcesBuildPhase;
			buildActionMask = 2147483647;
			files = (
				3335D892248C476F0015C492 /* Currency.swift in Sources */,
				3330E115248E94B300DAD095 /* SearchCurrencyController.swift in Sources */,
				3335D88E248C3D130015C492 /* CurrencyTableViewCell.swift in Sources */,
				3335D87E248C300C0015C492 /* ViewController.swift in Sources */,
				3335D87A248C300C0015C492 /* AppDelegate.swift in Sources */,
				3335D87C248C300C0015C492 /* SceneDelegate.swift in Sources */,
				3335D890248C45780015C492 /* CurrencyTableViewController.swift in Sources */,
			);
			runOnlyForDeploymentPostprocessing = 0;
		};
/* End PBXSourcesBuildPhase section */

/* Begin PBXVariantGroup section */
		3335D87F248C300C0015C492 /* Main.storyboard */ = {
			isa = PBXVariantGroup;
			children = (
				3335D880248C300C0015C492 /* Base */,
			);
			name = Main.storyboard;
			sourceTree = "<group>";
		};
		3335D884248C30120015C492 /* LaunchScreen.storyboard */ = {
			isa = PBXVariantGroup;
			children = (
				3335D885248C30120015C492 /* Base */,
			);
			name = LaunchScreen.storyboard;
			sourceTree = "<group>";
		};
/* End PBXVariantGroup section */

/* Begin XCBuildConfiguration section */
		3335D888248C30120015C492 /* Debug */ = {
			isa = XCBuildConfiguration;
			buildSettings = {
				ALWAYS_SEARCH_USER_PATHS = NO;
				CLANG_ANALYZER_NONNULL = YES;
				CLANG_ANALYZER_NUMBER_OBJECT_CONVERSION = YES_AGGRESSIVE;
				CLANG_CXX_LANGUAGE_STANDARD = "gnu++14";
				CLANG_CXX_LIBRARY = "libc++";
				CLANG_ENABLE_MODULES = YES;
				CLANG_ENABLE_OBJC_ARC = YES;
				CLANG_ENABLE_OBJC_WEAK = YES;
				CLANG_WARN_BLOCK_CAPTURE_AUTORELEASING = YES;
				CLANG_WARN_BOOL_CONVERSION = YES;
				CLANG_WARN_COMMA = YES;
				CLANG_WARN_CONSTANT_CONVERSION = YES;
				CLANG_WARN_DEPRECATED_OBJC_IMPLEMENTATIONS = YES;
				CLANG_WARN_DIRECT_OBJC_ISA_USAGE = YES_ERROR;
				CLANG_WARN_DOCUMENTATION_COMMENTS = YES;
				CLANG_WARN_EMPTY_BODY = YES;
				CLANG_WARN_ENUM_CONVERSION = YES;
				CLANG_WARN_INFINITE_RECURSION = YES;
				CLANG_WARN_INT_CONVERSION = YES;
				CLANG_WARN_NON_LITERAL_NULL_CONVERSION = YES;
				CLANG_WARN_OBJC_IMPLICIT_RETAIN_SELF = YES;
				CLANG_WARN_OBJC_LITERAL_CONVERSION = YES;
				CLANG_WARN_OBJC_ROOT_CLASS = YES_ERROR;
				CLANG_WARN_RANGE_LOOP_ANALYSIS = YES;
				CLANG_WARN_STRICT_PROTOTYPES = YES;
				CLANG_WARN_SUSPICIOUS_MOVE = YES;
				CLANG_WARN_UNGUARDED_AVAILABILITY = YES_AGGRESSIVE;
				CLANG_WARN_UNREACHABLE_CODE = YES;
				CLANG_WARN__DUPLICATE_METHOD_MATCH = YES;
				COPY_PHASE_STRIP = NO;
				DEBUG_INFORMATION_FORMAT = dwarf;
				ENABLE_STRICT_OBJC_MSGSEND = YES;
				ENABLE_TESTABILITY = YES;
				GCC_C_LANGUAGE_STANDARD = gnu11;
				GCC_DYNAMIC_NO_PIC = NO;
				GCC_NO_COMMON_BLOCKS = YES;
				GCC_OPTIMIZATION_LEVEL = 0;
				GCC_PREPROCESSOR_DEFINITIONS = (
					"DEBUG=1",
					"$(inherited)",
				);
				GCC_WARN_64_TO_32_BIT_CONVERSION = YES;
				GCC_WARN_ABOUT_RETURN_TYPE = YES_ERROR;
				GCC_WARN_UNDECLARED_SELECTOR = YES;
				GCC_WARN_UNINITIALIZED_AUTOS = YES_AGGRESSIVE;
				GCC_WARN_UNUSED_FUNCTION = YES;
				GCC_WARN_UNUSED_VARIABLE = YES;
				IPHONEOS_DEPLOYMENT_TARGET = 13.5;
				MTL_ENABLE_DEBUG_INFO = INCLUDE_SOURCE;
				MTL_FAST_MATH = YES;
				ONLY_ACTIVE_ARCH = YES;
				SDKROOT = iphoneos;
				SWIFT_ACTIVE_COMPILATION_CONDITIONS = DEBUG;
				SWIFT_OPTIMIZATION_LEVEL = "-Onone";
			};
			name = Debug;
		};
		3335D889248C30120015C492 /* Release */ = {
			isa = XCBuildConfiguration;
			buildSettings = {
				ALWAYS_SEARCH_USER_PATHS = NO;
				CLANG_ANALYZER_NONNULL = YES;
				CLANG_ANALYZER_NUMBER_OBJECT_CONVERSION = YES_AGGRESSIVE;
				CLANG_CXX_LANGUAGE_STANDARD = "gnu++14";
				CLANG_CXX_LIBRARY = "libc++";
				CLANG_ENABLE_MODULES = YES;
				CLANG_ENABLE_OBJC_ARC = YES;
				CLANG_ENABLE_OBJC_WEAK = YES;
				CLANG_WARN_BLOCK_CAPTURE_AUTORELEASING = YES;
				CLANG_WARN_BOOL_CONVERSION = YES;
				CLANG_WARN_COMMA = YES;
				CLANG_WARN_CONSTANT_CONVERSION = YES;
				CLANG_WARN_DEPRECATED_OBJC_IMPLEMENTATIONS = YES;
				CLANG_WARN_DIRECT_OBJC_ISA_USAGE = YES_ERROR;
				CLANG_WARN_DOCUMENTATION_COMMENTS = YES;
				CLANG_WARN_EMPTY_BODY = YES;
				CLANG_WARN_ENUM_CONVERSION = YES;
				CLANG_WARN_INFINITE_RECURSION = YES;
				CLANG_WARN_INT_CONVERSION = YES;
				CLANG_WARN_NON_LITERAL_NULL_CONVERSION = YES;
				CLANG_WARN_OBJC_IMPLICIT_RETAIN_SELF = YES;
				CLANG_WARN_OBJC_LITERAL_CONVERSION = YES;
				CLANG_WARN_OBJC_ROOT_CLASS = YES_ERROR;
				CLANG_WARN_RANGE_LOOP_ANALYSIS = YES;
				CLANG_WARN_STRICT_PROTOTYPES = YES;
				CLANG_WARN_SUSPICIOUS_MOVE = YES;
				CLANG_WARN_UNGUARDED_AVAILABILITY = YES_AGGRESSIVE;
				CLANG_WARN_UNREACHABLE_CODE = YES;
				CLANG_WARN__DUPLICATE_METHOD_MATCH = YES;
				COPY_PHASE_STRIP = NO;
				DEBUG_INFORMATION_FORMAT = "dwarf-with-dsym";
				ENABLE_NS_ASSERTIONS = NO;
				ENABLE_STRICT_OBJC_MSGSEND = YES;
				GCC_C_LANGUAGE_STANDARD = gnu11;
				GCC_NO_COMMON_BLOCKS = YES;
				GCC_WARN_64_TO_32_BIT_CONVERSION = YES;
				GCC_WARN_ABOUT_RETURN_TYPE = YES_ERROR;
				GCC_WARN_UNDECLARED_SELECTOR = YES;
				GCC_WARN_UNINITIALIZED_AUTOS = YES_AGGRESSIVE;
				GCC_WARN_UNUSED_FUNCTION = YES;
				GCC_WARN_UNUSED_VARIABLE = YES;
				IPHONEOS_DEPLOYMENT_TARGET = 13.5;
				MTL_ENABLE_DEBUG_INFO = NO;
				MTL_FAST_MATH = YES;
				SDKROOT = iphoneos;
				SWIFT_COMPILATION_MODE = wholemodule;
				SWIFT_OPTIMIZATION_LEVEL = "-O";
				VALIDATE_PRODUCT = YES;
			};
			name = Release;
		};
		3335D88B248C30120015C492 /* Debug */ = {
			isa = XCBuildConfiguration;
			buildSettings = {
				ASSETCATALOG_COMPILER_APPICON_NAME = AppIcon;
				CODE_SIGN_STYLE = Automatic;
				DEVELOPMENT_TEAM = 28YJV22GS5;
				INFOPLIST_FILE = HSE_ExchangeApp_ios/Info.plist;
				IPHONEOS_DEPLOYMENT_TARGET = 13.5;
				LD_RUNPATH_SEARCH_PATHS = (
					"$(inherited)",
					"@executable_path/Frameworks",
				);
				PRODUCT_BUNDLE_IDENTIFIER = "com.yoloroy.HSE-ExchangeApp-ios";
				PRODUCT_NAME = "$(TARGET_NAME)";
				SWIFT_VERSION = 5.0;
				TARGETED_DEVICE_FAMILY = "1,2";
			};
			name = Debug;
		};
		3335D88C248C30120015C492 /* Release */ = {
			isa = XCBuildConfiguration;
			buildSettings = {
				ASSETCATALOG_COMPILER_APPICON_NAME = AppIcon;
				CODE_SIGN_STYLE = Automatic;
				DEVELOPMENT_TEAM = 28YJV22GS5;
				INFOPLIST_FILE = HSE_ExchangeApp_ios/Info.plist;
				IPHONEOS_DEPLOYMENT_TARGET = 13.5;
				LD_RUNPATH_SEARCH_PATHS = (
					"$(inherited)",
					"@executable_path/Frameworks",
				);
				PRODUCT_BUNDLE_IDENTIFIER = "com.yoloroy.HSE-ExchangeApp-ios";
				PRODUCT_NAME = "$(TARGET_NAME)";
				SWIFT_VERSION = 5.0;
				TARGETED_DEVICE_FAMILY = "1,2";
			};
			name = Release;
		};
/* End XCBuildConfiguration section */

/* Begin XCConfigurationList section */
		3335D871248C300C0015C492 /* Build configuration list for PBXProject "HSE_ExchangeApp_ios" */ = {
			isa = XCConfigurationList;
			buildConfigurations = (
				3335D888248C30120015C492 /* Debug */,
				3335D889248C30120015C492 /* Release */,
			);
			defaultConfigurationIsVisible = 0;
			defaultConfigurationName = Release;
		};
		3335D88A248C30120015C492 /* Build configuration list for PBXNativeTarget "HSE_ExchangeApp_ios" */ = {
			isa = XCConfigurationList;
			buildConfigurations = (
				3335D88B248C30120015C492 /* Debug */,
				3335D88C248C30120015C492 /* Release */,
			);
			defaultConfigurationIsVisible = 0;
			defaultConfigurationName = Release;
		};
/* End XCConfigurationList section */
	};
	rootObject = 3335D86E248C300C0015C492 /* Project object */;
}
